// !$*UTF8*$!
{
	archiveVersion = 1;
	classes = {
	};
	objectVersion = 46;
	objects = {

/* Begin PBXBuildFile section */
		963A86801CB4BE91003875A8 /* STShareActivities.m in Sources */ = {isa = PBXBuildFile; fileRef = 963A86451CB4BE91003875A8 /* STShareActivities.m */; };
		963A86811CB4BE91003875A8 /* STShareResources.bundle in Resources */ = {isa = PBXBuildFile; fileRef = 963A86461CB4BE91003875A8 /* STShareResources.bundle */; };
		963A86821CB4BE91003875A8 /* STShareTool.m in Sources */ = {isa = PBXBuildFile; fileRef = 963A86481CB4BE91003875A8 /* STShareTool.m */; };
		96C0EE3A1C747DE700003D69 /* main.m in Sources */ = {isa = PBXBuildFile; fileRef = 96C0EE391C747DE700003D69 /* main.m */; };
		96C0EE3D1C747DE700003D69 /* AppDelegate.m in Sources */ = {isa = PBXBuildFile; fileRef = 96C0EE3C1C747DE700003D69 /* AppDelegate.m */; };
		96C0EE401C747DE700003D69 /* ViewController.m in Sources */ = {isa = PBXBuildFile; fileRef = 96C0EE3F1C747DE700003D69 /* ViewController.m */; };
		96C0EE431C747DE700003D69 /* Main.storyboard in Resources */ = {isa = PBXBuildFile; fileRef = 96C0EE411C747DE700003D69 /* Main.storyboard */; };
		96C0EE451C747DE700003D69 /* Assets.xcassets in Resources */ = {isa = PBXBuildFile; fileRef = 96C0EE441C747DE700003D69 /* Assets.xcassets */; };
		96C0EE481C747DE700003D69 /* LaunchScreen.storyboard in Resources */ = {isa = PBXBuildFile; fileRef = 96C0EE461C747DE700003D69 /* LaunchScreen.storyboard */; };
		96C0EE9E1C74B95F00003D69 /* Security.framework in Frameworks */ = {isa = PBXBuildFile; fileRef = 96C0EE9D1C74B95F00003D69 /* Security.framework */; };
		96C0EEA01C74B96800003D69 /* libiconv.tbd in Frameworks */ = {isa = PBXBuildFile; fileRef = 96C0EE9F1C74B96800003D69 /* libiconv.tbd */; };
		96C0EEA21C74B96F00003D69 /* SystemConfiguration.framework in Frameworks */ = {isa = PBXBuildFile; fileRef = 96C0EEA11C74B96F00003D69 /* SystemConfiguration.framework */; };
		96C0EEA41C74B97700003D69 /* CoreGraphics.framework in Frameworks */ = {isa = PBXBuildFile; fileRef = 96C0EEA31C74B97700003D69 /* CoreGraphics.framework */; };
		96C0EEA61C74B97F00003D69 /* libsqlite3.tbd in Frameworks */ = {isa = PBXBuildFile; fileRef = 96C0EEA51C74B97F00003D69 /* libsqlite3.tbd */; };
		96C0EEA81C74B98500003D69 /* CoreTelephony.framework in Frameworks */ = {isa = PBXBuildFile; fileRef = 96C0EEA71C74B98500003D69 /* CoreTelephony.framework */; };
		96C0EEAA1C74B98D00003D69 /* libstdc++.tbd in Frameworks */ = {isa = PBXBuildFile; fileRef = 96C0EEA91C74B98D00003D69 /* libstdc++.tbd */; };
		96C0EEAC1C74B99500003D69 /* libz.tbd in Frameworks */ = {isa = PBXBuildFile; fileRef = 96C0EEAB1C74B99500003D69 /* libz.tbd */; };
		96C0EEAF1C74C75100003D69 /* ImageIO.framework in Frameworks */ = {isa = PBXBuildFile; fileRef = 96C0EEAE1C74C75100003D69 /* ImageIO.framework */; };
/* End PBXBuildFile section */

/* Begin PBXFileReference section */
		963A86441CB4BE91003875A8 /* STShareActivities.h */ = {isa = PBXFileReference; fileEncoding = 4; lastKnownFileType = sourcecode.c.h; path = STShareActivities.h; sourceTree = "<group>"; };
		963A86451CB4BE91003875A8 /* STShareActivities.m */ = {isa = PBXFileReference; fileEncoding = 4; lastKnownFileType = sourcecode.c.objc; path = STShareActivities.m; sourceTree = "<group>"; };
		963A86461CB4BE91003875A8 /* STShareResources.bundle */ = {isa = PBXFileReference; lastKnownFileType = "wrapper.plug-in"; path = STShareResources.bundle; sourceTree = "<group>"; };
		963A86471CB4BE91003875A8 /* STShareTool.h */ = {isa = PBXFileReference; fileEncoding = 4; lastKnownFileType = sourcecode.c.h; path = STShareTool.h; sourceTree = "<group>"; };
		963A86481CB4BE91003875A8 /* STShareTool.m */ = {isa = PBXFileReference; fileEncoding = 4; lastKnownFileType = sourcecode.c.objc; path = STShareTool.m; sourceTree = "<group>"; };
		96C0EE351C747DE700003D69 /* STShareTool.app */ = {isa = PBXFileReference; explicitFileType = wrapper.application; includeInIndex = 0; path = STShareTool.app; sourceTree = BUILT_PRODUCTS_DIR; };
		96C0EE391C747DE700003D69 /* main.m */ = {isa = PBXFileReference; lastKnownFileType = sourcecode.c.objc; path = main.m; sourceTree = "<group>"; };
		96C0EE3B1C747DE700003D69 /* AppDelegate.h */ = {isa = PBXFileReference; lastKnownFileType = sourcecode.c.h; path = AppDelegate.h; sourceTree = "<group>"; };
		96C0EE3C1C747DE700003D69 /* AppDelegate.m */ = {isa = PBXFileReference; lastKnownFileType = sourcecode.c.objc; path = AppDelegate.m; sourceTree = "<group>"; };
		96C0EE3E1C747DE700003D69 /* ViewController.h */ = {isa = PBXFileReference; lastKnownFileType = sourcecode.c.h; path = ViewController.h; sourceTree = "<group>"; };
		96C0EE3F1C747DE700003D69 /* ViewController.m */ = {isa = PBXFileReference; lastKnownFileType = sourcecode.c.objc; path = ViewController.m; sourceTree = "<group>"; };
		96C0EE421C747DE700003D69 /* Base */ = {isa = PBXFileReference; lastKnownFileType = file.storyboard; name = Base; path = Base.lproj/Main.storyboard; sourceTree = "<group>"; };
		96C0EE441C747DE700003D69 /* Assets.xcassets */ = {isa = PBXFileReference; lastKnownFileType = folder.assetcatalog; path = Assets.xcassets; sourceTree = "<group>"; };
		96C0EE471C747DE700003D69 /* Base */ = {isa = PBXFileReference; lastKnownFileType = file.storyboard; name = Base; path = Base.lproj/LaunchScreen.storyboard; sourceTree = "<group>"; };
		96C0EE491C747DE700003D69 /* Info.plist */ = {isa = PBXFileReference; lastKnownFileType = text.plist.xml; path = Info.plist; sourceTree = "<group>"; };
		96C0EE9D1C74B95F00003D69 /* Security.framework */ = {isa = PBXFileReference; lastKnownFileType = wrapper.framework; name = Security.framework; path = System/Library/Frameworks/Security.framework; sourceTree = SDKROOT; };
		96C0EE9F1C74B96800003D69 /* libiconv.tbd */ = {isa = PBXFileReference; lastKnownFileType = "sourcecode.text-based-dylib-definition"; name = libiconv.tbd; path = usr/lib/libiconv.tbd; sourceTree = SDKROOT; };
		96C0EEA11C74B96F00003D69 /* SystemConfiguration.framework */ = {isa = PBXFileReference; lastKnownFileType = wrapper.framework; name = SystemConfiguration.framework; path = System/Library/Frameworks/SystemConfiguration.framework; sourceTree = SDKROOT; };
		96C0EEA31C74B97700003D69 /* CoreGraphics.framework */ = {isa = PBXFileReference; lastKnownFileType = wrapper.framework; name = CoreGraphics.framework; path = System/Library/Frameworks/CoreGraphics.framework; sourceTree = SDKROOT; };
		96C0EEA51C74B97F00003D69 /* libsqlite3.tbd */ = {isa = PBXFileReference; lastKnownFileType = "sourcecode.text-based-dylib-definition"; name = libsqlite3.tbd; path = usr/lib/libsqlite3.tbd; sourceTree = SDKROOT; };
		96C0EEA71C74B98500003D69 /* CoreTelephony.framework */ = {isa = PBXFileReference; lastKnownFileType = wrapper.framework; name = CoreTelephony.framework; path = System/Library/Frameworks/CoreTelephony.framework; sourceTree = SDKROOT; };
		96C0EEA91C74B98D00003D69 /* libstdc++.tbd */ = {isa = PBXFileReference; lastKnownFileType = "sourcecode.text-based-dylib-definition"; name = "libstdc++.tbd"; path = "usr/lib/libstdc++.tbd"; sourceTree = SDKROOT; };
		96C0EEAB1C74B99500003D69 /* libz.tbd */ = {isa = PBXFileReference; lastKnownFileType = "sourcecode.text-based-dylib-definition"; name = libz.tbd; path = usr/lib/libz.tbd; sourceTree = SDKROOT; };
		96C0EEAE1C74C75100003D69 /* ImageIO.framework */ = {isa = PBXFileReference; lastKnownFileType = wrapper.framework; name = ImageIO.framework; path = System/Library/Frameworks/ImageIO.framework; sourceTree = SDKROOT; };
/* End PBXFileReference section */

/* Begin PBXFrameworksBuildPhase section */
		96C0EE321C747DE700003D69 /* Frameworks */ = {
			isa = PBXFrameworksBuildPhase;
			buildActionMask = 2147483647;
			files = (
				96C0EEAF1C74C75100003D69 /* ImageIO.framework in Frameworks */,
				96C0EEAC1C74B99500003D69 /* libz.tbd in Frameworks */,
				96C0EEAA1C74B98D00003D69 /* libstdc++.tbd in Frameworks */,
				96C0EEA81C74B98500003D69 /* CoreTelephony.framework in Frameworks */,
				96C0EEA61C74B97F00003D69 /* libsqlite3.tbd in Frameworks */,
				96C0EEA41C74B97700003D69 /* CoreGraphics.framework in Frameworks */,
				96C0EEA21C74B96F00003D69 /* SystemConfiguration.framework in Frameworks */,
				96C0EEA01C74B96800003D69 /* libiconv.tbd in Frameworks */,
				96C0EE9E1C74B95F00003D69 /* Security.framework in Frameworks */,
			);
			runOnlyForDeploymentPostprocessing = 0;
		};
/* End PBXFrameworksBuildPhase section */

/* Begin PBXGroup section */
		963A86431CB4BE91003875A8 /* STShareTool */ = {
			isa = PBXGroup;
			children = (
				963A86471CB4BE91003875A8 /* STShareTool.h */,
				963A86481CB4BE91003875A8 /* STShareTool.m */,
				963A86441CB4BE91003875A8 /* STShareActivities.h */,
				963A86451CB4BE91003875A8 /* STShareActivities.m */,
				963A86461CB4BE91003875A8 /* STShareResources.bundle */,
			);
			path = STShareTool;
			sourceTree = "<group>";
		};
		96C0EE2C1C747DE700003D69 = {
			isa = PBXGroup;
			children = (
				96C0EE371C747DE700003D69 /* STShareTool */,
				96C0EE361C747DE700003D69 /* Products */,
			);
			sourceTree = "<group>";
		};
		96C0EE361C747DE700003D69 /* Products */ = {
			isa = PBXGroup;
			children = (
				96C0EE351C747DE700003D69 /* STShareTool.app */,
			);
			name = Products;
			sourceTree = "<group>";
		};
		96C0EE371C747DE700003D69 /* STShareTool */ = {
			isa = PBXGroup;
			children = (
				96C0EEAD1C74B9A000003D69 /* framework */,
				963A86431CB4BE91003875A8 /* STShareTool */,
				96C0EE3B1C747DE700003D69 /* AppDelegate.h */,
				96C0EE3C1C747DE700003D69 /* AppDelegate.m */,
				96C0EE3E1C747DE700003D69 /* ViewController.h */,
				96C0EE3F1C747DE700003D69 /* ViewController.m */,
				96C0EE411C747DE700003D69 /* Main.storyboard */,
				96C0EE441C747DE700003D69 /* Assets.xcassets */,
				96C0EE461C747DE700003D69 /* LaunchScreen.storyboard */,
				96C0EE491C747DE700003D69 /* Info.plist */,
				96C0EE381C747DE700003D69 /* Supporting Files */,
			);
			path = STShareTool;
			sourceTree = "<group>";
		};
		96C0EE381C747DE700003D69 /* Supporting Files */ = {
			isa = PBXGroup;
			children = (
				96C0EE391C747DE700003D69 /* main.m */,
			);
			name = "Supporting Files";
			sourceTree = "<group>";
		};
		96C0EEAD1C74B9A000003D69 /* framework */ = {
			isa = PBXGroup;
			children = (
				96C0EEAE1C74C75100003D69 /* ImageIO.framework */,
				96C0EEAB1C74B99500003D69 /* libz.tbd */,
				96C0EEA91C74B98D00003D69 /* libstdc++.tbd */,
				96C0EEA71C74B98500003D69 /* CoreTelephony.framework */,
				96C0EEA51C74B97F00003D69 /* libsqlite3.tbd */,
				96C0EEA31C74B97700003D69 /* CoreGraphics.framework */,
				96C0EEA11C74B96F00003D69 /* SystemConfiguration.framework */,
				96C0EE9F1C74B96800003D69 /* libiconv.tbd */,
				96C0EE9D1C74B95F00003D69 /* Security.framework */,
			);
			name = framework;
			sourceTree = "<group>";
		};
/* End PBXGroup section */

/* Begin PBXNativeTarget section */
		96C0EE341C747DE700003D69 /* STShareTool */ = {
			isa = PBXNativeTarget;
			buildConfigurationList = 96C0EE4C1C747DE700003D69 /* Build configuration list for PBXNativeTarget "STShareTool" */;
			buildPhases = (
				96C0EE311C747DE700003D69 /* Sources */,
				96C0EE321C747DE700003D69 /* Frameworks */,
				96C0EE331C747DE700003D69 /* Resources */,
			);
			buildRules = (
			);
			dependencies = (
			);
			name = STShareTool;
			productName = STShareTool;
			productReference = 96C0EE351C747DE700003D69 /* STShareTool.app */;
			productType = "com.apple.product-type.application";
		};
/* End PBXNativeTarget section */

/* Begin PBXProject section */
		96C0EE2D1C747DE700003D69 /* Project object */ = {
			isa = PBXProject;
			attributes = {
				LastUpgradeCheck = 0720;
				ORGANIZATIONNAME = tangjr;
				TargetAttributes = {
					96C0EE341C747DE700003D69 = {
						CreatedOnToolsVersion = 7.2.1;
						DevelopmentTeam = C5AXJ4MJB2;
					};
				};
			};
			buildConfigurationList = 96C0EE301C747DE700003D69 /* Build configuration list for PBXProject "STShareTool" */;
			compatibilityVersion = "Xcode 3.2";
			developmentRegion = English;
			hasScannedForEncodings = 0;
			knownRegions = (
				en,
				Base,
				"zh-Hans",
			);
			mainGroup = 96C0EE2C1C747DE700003D69;
			productRefGroup = 96C0EE361C747DE700003D69 /* Products */;
			projectDirPath = "";
			projectRoot = "";
			targets = (
				96C0EE341C747DE700003D69 /* STShareTool */,
			);
		};
/* End PBXProject section */

/* Begin PBXResourcesBuildPhase section */
		96C0EE331C747DE700003D69 /* Resources */ = {
			isa = PBXResourcesBuildPhase;
			buildActionMask = 2147483647;
			files = (
				963A86811CB4BE91003875A8 /* STShareResources.bundle in Resources */,
				96C0EE481C747DE700003D69 /* LaunchScreen.storyboard in Resources */,
				96C0EE451C747DE700003D69 /* Assets.xcassets in Resources */,
				96C0EE431C747DE700003D69 /* Main.storyboard in Resources */,
			);
			runOnlyForDeploymentPostprocessing = 0;
		};
/* End PBXResourcesBuildPhase section */

/* Begin PBXSourcesBuildPhase section */
		96C0EE311C747DE700003D69 /* Sources */ = {
			isa = PBXSourcesBuildPhase;
			buildActionMask = 2147483647;
			files = (
				96C0EE401C747DE700003D69 /* ViewController.m in Sources */,
				963A86801CB4BE91003875A8 /* STShareActivities.m in Sources */,
				963A86821CB4BE91003875A8 /* STShareTool.m in Sources */,
				96C0EE3D1C747DE700003D69 /* AppDelegate.m in Sources */,
				96C0EE3A1C747DE700003D69 /* main.m in Sources */,
			);
			runOnlyForDeploymentPostprocessing = 0;
		};
/* End PBXSourcesBuildPhase section */

/* Begin PBXVariantGroup section */
		96C0EE411C747DE700003D69 /* Main.storyboard */ = {
			isa = PBXVariantGroup;
			children = (
				96C0EE421C747DE700003D69 /* Base */,
			);
			name = Main.storyboard;
			sourceTree = "<group>";
		};
		96C0EE461C747DE700003D69 /* LaunchScreen.storyboard */ = {
			isa = PBXVariantGroup;
			children = (
				96C0EE471C747DE700003D69 /* Base */,
			);
			name = LaunchScreen.storyboard;
			sourceTree = "<group>";
		};
/* End PBXVariantGroup section */

/* Begin XCBuildConfiguration section */
		96C0EE4A1C747DE700003D69 /* Debug */ = {
			isa = XCBuildConfiguration;
			buildSettings = {
				ALWAYS_SEARCH_USER_PATHS = NO;
				CLANG_CXX_LANGUAGE_STANDARD = "gnu++0x";
				CLANG_CXX_LIBRARY = "libc++";
				CLANG_ENABLE_MODULES = YES;
				CLANG_ENABLE_OBJC_ARC = YES;
				CLANG_WARN_BOOL_CONVERSION = YES;
				CLANG_WARN_CONSTANT_CONVERSION = YES;
				CLANG_WARN_DIRECT_OBJC_ISA_USAGE = YES_ERROR;
				CLANG_WARN_EMPTY_BODY = YES;
				CLANG_WARN_ENUM_CONVERSION = YES;
				CLANG_WARN_INT_CONVERSION = YES;
				CLANG_WARN_OBJC_ROOT_CLASS = YES_ERROR;
				CLANG_WARN_UNREACHABLE_CODE = YES;
				CLANG_WARN__DUPLICATE_METHOD_MATCH = YES;
				"CODE_SIGN_IDENTITY[sdk=iphoneos*]" = "iPhone Developer";
				COPY_PHASE_STRIP = NO;
				DEBUG_INFORMATION_FORMAT = dwarf;
				ENABLE_STRICT_OBJC_MSGSEND = YES;
				ENABLE_TESTABILITY = YES;
				GCC_C_LANGUAGE_STANDARD = gnu99;
				GCC_DYNAMIC_NO_PIC = NO;
				GCC_NO_COMMON_BLOCKS = YES;
				GCC_OPTIMIZATION_LEVEL = 0;
				GCC_PREPROCESSOR_DEFINITIONS = (
					"DEBUG=1",
					"$(inherited)",
				);
				GCC_WARN_64_TO_32_BIT_CONVERSION = YES;
				GCC_WARN_ABOUT_RETURN_TYPE = YES_ERROR;
				GCC_WARN_UNDECLARED_SELECTOR = YES;
				GCC_WARN_UNINITIALIZED_AUTOS = YES_AGGRESSIVE;
				GCC_WARN_UNUSED_FUNCTION = YES;
				GCC_WARN_UNUSED_VARIABLE = YES;
				IPHONEOS_DEPLOYMENT_TARGET = 9.2;
				MTL_ENABLE_DEBUG_INFO = YES;
				ONLY_ACTIVE_ARCH = YES;
				SDKROOT = iphoneos;
				TARGETED_DEVICE_FAMILY = "1,2";
			};
			name = Debug;
		};
		96C0EE4B1C747DE700003D69 /* Release */ = {
			isa = XCBuildConfiguration;
			buildSettings = {
				ALWAYS_SEARCH_USER_PATHS = NO;
				CLANG_CXX_LANGUAGE_STANDARD = "gnu++0x";
				CLANG_CXX_LIBRARY = "libc++";
				CLANG_ENABLE_MODULES = YES;
				CLANG_ENABLE_OBJC_ARC = YES;
				CLANG_WARN_BOOL_CONVERSION = YES;
				CLANG_WARN_CONSTANT_CONVERSION = YES;
				CLANG_WARN_DIRECT_OBJC_ISA_USAGE = YES_ERROR;
				CLANG_WARN_EMPTY_BODY = YES;
				CLANG_WARN_ENUM_CONVERSION = YES;
				CLANG_WARN_INT_CONVERSION = YES;
				CLANG_WARN_OBJC_ROOT_CLASS = YES_ERROR;
				CLANG_WARN_UNREACHABLE_CODE = YES;
				CLANG_WARN__DUPLICATE_METHOD_MATCH = YES;
				"CODE_SIGN_IDENTITY[sdk=iphoneos*]" = "iPhone Developer";
				COPY_PHASE_STRIP = NO;
				DEBUG_INFORMATION_FORMAT = "dwarf-with-dsym";
				ENABLE_NS_ASSERTIONS = NO;
				ENABLE_STRICT_OBJC_MSGSEND = YES;
				GCC_C_LANGUAGE_STANDARD = gnu99;
				GCC_NO_COMMON_BLOCKS = YES;
				GCC_WARN_64_TO_32_BIT_CONVERSION = YES;
				GCC_WARN_ABOUT_RETURN_TYPE = YES_ERROR;
				GCC_WARN_UNDECLARED_SELECTOR = YES;
				GCC_WARN_UNINITIALIZED_AUTOS = YES_AGGRESSIVE;
				GCC_WARN_UNUSED_FUNCTION = YES;
				GCC_WARN_UNUSED_VARIABLE = YES;
				IPHONEOS_DEPLOYMENT_TARGET = 9.2;
				MTL_ENABLE_DEBUG_INFO = NO;
				SDKROOT = iphoneos;
				TARGETED_DEVICE_FAMILY = "1,2";
				VALIDATE_PRODUCT = YES;
			};
			name = Release;
		};
		96C0EE4D1C747DE700003D69 /* Debug */ = {
			isa = XCBuildConfiguration;
			buildSettings = {
				ASSETCATALOG_COMPILER_APPICON_NAME = AppIcon;
				CODE_SIGN_IDENTITY = "iPhone Developer: Jiarong Tang (FAART6M2QD)";
				FRAMEWORK_SEARCH_PATHS = (
					"$(inherited)",
					"$(PROJECT_DIR)/STShareTool/STShareTool/UMSocial_Sdk_Extra_Frameworks/TencentOpenAPI",
				);
				INFOPLIST_FILE = STShareTool/Info.plist;
				IPHONEOS_DEPLOYMENT_TARGET = 8.0;
				LD_RUNPATH_SEARCH_PATHS = "$(inherited) @executable_path/Frameworks";
				LIBRARY_SEARCH_PATHS = (
					"$(inherited)",
					"$(PROJECT_DIR)/STShareTool/STShareTool/UMSocial_Sdk_5.0",
					"$(PROJECT_DIR)/STShareTool/STShareTool/UMSocial_Sdk_Extra_Frameworks/SinaSSO",
					"$(PROJECT_DIR)/STShareTool/STShareTool/UMSocial_Sdk_Extra_Frameworks/TencentOpenAPI",
					"$(PROJECT_DIR)/STShareTool/STShareTool/UMSocial_Sdk_Extra_Frameworks/Wechat",
				);
				OTHER_LDFLAGS = (
					"-all_load",
					"-ObjC",
				);
				PRODUCT_BUNDLE_IDENTIFIER = com.saitjr.STShareTool;
				PRODUCT_NAME = "$(TARGET_NAME)";
				PROVISIONING_PROFILE = "786e4bff-7976-4a9e-8fca-68a8cf95f2ad";
			};
			name = Debug;
		};
		96C0EE4E1C747DE700003D69 /* Release */ = {
			isa = XCBuildConfiguration;
			buildSettings = {
				ASSETCATALOG_COMPILER_APPICON_NAME = AppIcon;
				CODE_SIGN_IDENTITY = "iPhone Developer: Jiarong Tang (FAART6M2QD)";
				FRAMEWORK_SEARCH_PATHS = (
					"$(inherited)",
					"$(PROJECT_DIR)/STShareTool/STShareTool/UMSocial_Sdk_Extra_Frameworks/TencentOpenAPI",
				);
				INFOPLIST_FILE = STShareTool/Info.plist;
				IPHONEOS_DEPLOYMENT_TARGET = 8.0;
				LD_RUNPATH_SEARCH_PATHS = "$(inherited) @executable_path/Frameworks";
				LIBRARY_SEARCH_PATHS = (
					"$(inherited)",
					"$(PROJECT_DIR)/STShareTool/STShareTool/UMSocial_Sdk_5.0",
					"$(PROJECT_DIR)/STShareTool/STShareTool/UMSocial_Sdk_Extra_Frameworks/SinaSSO",
					"$(PROJECT_DIR)/STShareTool/STShareTool/UMSocial_Sdk_Extra_Frameworks/TencentOpenAPI",
					"$(PROJECT_DIR)/STShareTool/STShareTool/UMSocial_Sdk_Extra_Frameworks/Wechat",
				);
				OTHER_LDFLAGS = (
					"-all_load",
					"-ObjC",
				);
				PRODUCT_BUNDLE_IDENTIFIER = com.saitjr.STShareTool;
				PRODUCT_NAME = "$(TARGET_NAME)";
				PROVISIONING_PROFILE = "786e4bff-7976-4a9e-8fca-68a8cf95f2ad";
			};
			name = Release;
		};
/* End XCBuildConfiguration section */

/* Begin XCConfigurationList section */
		96C0EE301C747DE700003D69 /* Build configuration list for PBXProject "STShareTool" */ = {
			isa = XCConfigurationList;
			buildConfigurations = (
				96C0EE4A1C747DE700003D69 /* Debug */,
				96C0EE4B1C747DE700003D69 /* Release */,
			);
			defaultConfigurationIsVisible = 0;
			defaultConfigurationName = Release;
		};
		96C0EE4C1C747DE700003D69 /* Build configuration list for PBXNativeTarget "STShareTool" */ = {
			isa = XCConfigurationList;
			buildConfigurations = (
				96C0EE4D1C747DE700003D69 /* Debug */,
				96C0EE4E1C747DE700003D69 /* Release */,
			);
			defaultConfigurationIsVisible = 0;
			defaultConfigurationName = Release;
		};
/* End XCConfigurationList section */
	};
	rootObject = 96C0EE2D1C747DE700003D69 /* Project object */;
}
